
Microsoft Visual Studio Solution File, Format Version 12.00
# Visual Studio 2012
Project("{FAE04EC0-301F-11D3-BF4B-00C04F79EFBC}") = "Orc.Sort", "Orc.Sort\Orc.Sort.csproj", "{DE88E565-23FB-43B1-B5E3-7F000FBCC2C5}"
EndProject
Project("{FAE04EC0-301F-11D3-BF4B-00C04F79EFBC}") = "Orc.Sort.Tests", "Orc.Sort.Tests\Orc.Sort.Tests.csproj", "{6AAEC4BB-7672-4494-A536-F8C686CED546}"
EndProject
Global
	GlobalSection(SolutionConfigurationPlatforms) = preSolution
		Debug|Any CPU = Debug|Any CPU
		Release|Any CPU = Release|Any CPU
	EndGlobalSection
	GlobalSection(ProjectConfigurationPlatforms) = postSolution
		{DE88E565-23FB-43B1-B5E3-7F000FBCC2C5}.Debug|Any CPU.ActiveCfg = Debug|Any CPU
		{DE88E565-23FB-43B1-B5E3-7F000FBCC2C5}.Debug|Any CPU.Build.0 = Debug|Any CPU
		{DE88E565-23FB-43B1-B5E3-7F000FBCC2C5}.Release|Any CPU.ActiveCfg = Release|Any CPU
		{DE88E565-23FB-43B1-B5E3-7F000FBCC2C5}.Release|Any CPU.Build.0 = Release|Any CPU
		{6AAEC4BB-7672-4494-A536-F8C686CED546}.Debug|Any CPU.ActiveCfg = Debug|Any CPU
		{6AAEC4BB-7672-4494-A536-F8C686CED546}.Debug|Any CPU.Build.0 = Debug|Any CPU
		{6AAEC4BB-7672-4494-A536-F8C686CED546}.Release|Any CPU.ActiveCfg = Release|Any CPU
		{6AAEC4BB-7672-4494-A536-F8C686CED546}.Release|Any CPU.Build.0 = Release|Any CPU
	EndGlobalSection
	GlobalSection(SolutionProperties) = preSolution
		HideSolutionNode = FALSE
	EndGlobalSection
EndGlobal
